
Microsoft Visual Studio Solution File, Format Version 12.00
# Visual Studio Version 17
VisualStudioVersion = 17.9.34723.18
MinimumVisualStudioVersion = 10.0.40219.1
Project("{FAE04EC0-301F-11D3-BF4B-00C04F79EFBC}") = "PS02-06", "PS02-06\PS02-06.csproj", "{B4E05BCD-1C6A-4385-9DE9-0B017F2D50FC}"
EndProject
Global
	GlobalSection(SolutionConfigurationPlatforms) = preSolution
		Debug|Any CPU = Debug|Any CPU
		Release|Any CPU = Release|Any CPU
	EndGlobalSection
	GlobalSection(ProjectConfigurationPlatforms) = postSolution
		{B4E05BCD-1C6A-4385-9DE9-0B017F2D50FC}.Debug|Any CPU.ActiveCfg = Debug|Any CPU
		{B4E05BCD-1C6A-4385-9DE9-0B017F2D50FC}.Debug|Any CPU.Build.0 = Debug|Any CPU
		{B4E05BCD-1C6A-4385-9DE9-0B017F2D50FC}.Release|Any CPU.ActiveCfg = Release|Any CPU
		{B4E05BCD-1C6A-4385-9DE9-0B017F2D50FC}.Release|Any CPU.Build.0 = Release|Any CPU
	EndGlobalSection
	GlobalSection(SolutionProperties) = preSolution
		HideSolutionNode = FALSE
	EndGlobalSection
	GlobalSection(ExtensibilityGlobals) = postSolution
		SolutionGuid = {5F577148-9947-41C0-8318-26538FFD4B1D}
	EndGlobalSection
EndGlobal
