
Microsoft Visual Studio Solution File, Format Version 12.00
# Visual Studio Version 17
VisualStudioVersion = 17.9.34723.18
MinimumVisualStudioVersion = 10.0.40219.1
Project("{FAE04EC0-301F-11D3-BF4B-00C04F79EFBC}") = "PS02_05", "PS02_05\PS02_05.csproj", "{E65943AA-99F6-4D3F-8B37-8B947945882F}"
EndProject
Global
	GlobalSection(SolutionConfigurationPlatforms) = preSolution
		Debug|Any CPU = Debug|Any CPU
		Release|Any CPU = Release|Any CPU
	EndGlobalSection
	GlobalSection(ProjectConfigurationPlatforms) = postSolution
		{E65943AA-99F6-4D3F-8B37-8B947945882F}.Debug|Any CPU.ActiveCfg = Debug|Any CPU
		{E65943AA-99F6-4D3F-8B37-8B947945882F}.Debug|Any CPU.Build.0 = Debug|Any CPU
		{E65943AA-99F6-4D3F-8B37-8B947945882F}.Release|Any CPU.ActiveCfg = Release|Any CPU
		{E65943AA-99F6-4D3F-8B37-8B947945882F}.Release|Any CPU.Build.0 = Release|Any CPU
	EndGlobalSection
	GlobalSection(SolutionProperties) = preSolution
		HideSolutionNode = FALSE
	EndGlobalSection
	GlobalSection(ExtensibilityGlobals) = postSolution
		SolutionGuid = {93AF719D-61C9-4C69-B1D3-C6A312E01C7A}
	EndGlobalSection
EndGlobal
